// !$*UTF8*$!
{
	archiveVersion = 1;
	classes = {
	};
	objectVersion = 50;
	objects = {

/* Begin PBXBuildFile section */
		393A25582547C6DE001313E5 /* AppDelegate.swift in Sources */ = {isa = PBXBuildFile; fileRef = 393A25572547C6DE001313E5 /* AppDelegate.swift */; };
		393A255A2547C6DE001313E5 /* SceneDelegate.swift in Sources */ = {isa = PBXBuildFile; fileRef = 393A25592547C6DE001313E5 /* SceneDelegate.swift */; };
		393A255C2547C6DE001313E5 /* ViewController.swift in Sources */ = {isa = PBXBuildFile; fileRef = 393A255B2547C6DE001313E5 /* ViewController.swift */; };
		393A255F2547C6DE001313E5 /* Main.storyboard in Resources */ = {isa = PBXBuildFile; fileRef = 393A255D2547C6DE001313E5 /* Main.storyboard */; };
		393A25612547C6DF001313E5 /* Assets.xcassets in Resources */ = {isa = PBXBuildFile; fileRef = 393A25602547C6DF001313E5 /* Assets.xcassets */; };
		393A25642547C6DF001313E5 /* LaunchScreen.storyboard in Resources */ = {isa = PBXBuildFile; fileRef = 393A25622547C6DF001313E5 /* LaunchScreen.storyboard */; };
		393A256F2547C6DF001313E5 /* parstagramTests.swift in Sources */ = {isa = PBXBuildFile; fileRef = 393A256E2547C6DF001313E5 /* parstagramTests.swift */; };
		393A257A2547C6DF001313E5 /* parstagramUITests.swift in Sources */ = {isa = PBXBuildFile; fileRef = 393A25792547C6DF001313E5 /* parstagramUITests.swift */; };
/* End PBXBuildFile section */

/* Begin PBXContainerItemProxy section */
		393A256B2547C6DF001313E5 /* PBXContainerItemProxy */ = {
			isa = PBXContainerItemProxy;
			containerPortal = 393A254C2547C6DE001313E5 /* Project object */;
			proxyType = 1;
			remoteGlobalIDString = 393A25532547C6DE001313E5;
			remoteInfo = parstagram;
		};
		393A25762547C6DF001313E5 /* PBXContainerItemProxy */ = {
			isa = PBXContainerItemProxy;
			containerPortal = 393A254C2547C6DE001313E5 /* Project object */;
			proxyType = 1;
			remoteGlobalIDString = 393A25532547C6DE001313E5;
			remoteInfo = parstagram;
		};
/* End PBXContainerItemProxy section */

/* Begin PBXFileReference section */
		393A25542547C6DE001313E5 /* parstagram.app */ = {isa = PBXFileReference; explicitFileType = wrapper.application; includeInIndex = 0; path = parstagram.app; sourceTree = BUILT_PRODUCTS_DIR; };
		393A25572547C6DE001313E5 /* AppDelegate.swift */ = {isa = PBXFileReference; lastKnownFileType = sourcecode.swift; path = AppDelegate.swift; sourceTree = "<group>"; };
		393A25592547C6DE001313E5 /* SceneDelegate.swift */ = {isa = PBXFileReference; lastKnownFileType = sourcecode.swift; path = SceneDelegate.swift; sourceTree = "<group>"; };
		393A255B2547C6DE001313E5 /* ViewController.swift */ = {isa = PBXFileReference; lastKnownFileType = sourcecode.swift; path = ViewController.swift; sourceTree = "<group>"; };
		393A255E2547C6DE001313E5 /* Base */ = {isa = PBXFileReference; lastKnownFileType = file.storyboard; name = Base; path = Base.lproj/Main.storyboard; sourceTree = "<group>"; };
		393A25602547C6DF001313E5 /* Assets.xcassets */ = {isa = PBXFileReference; lastKnownFileType = folder.assetcatalog; path = Assets.xcassets; sourceTree = "<group>"; };
		393A25632547C6DF001313E5 /* Base */ = {isa = PBXFileReference; lastKnownFileType = file.storyboard; name = Base; path = Base.lproj/LaunchScreen.storyboard; sourceTree = "<group>"; };
		393A25652547C6DF001313E5 /* Info.plist */ = {isa = PBXFileReference; lastKnownFileType = text.plist.xml; path = Info.plist; sourceTree = "<group>"; };
		393A256A2547C6DF001313E5 /* parstagramTests.xctest */ = {isa = PBXFileReference; explicitFileType = wrapper.cfbundle; includeInIndex = 0; path = parstagramTests.xctest; sourceTree = BUILT_PRODUCTS_DIR; };
		393A256E2547C6DF001313E5 /* parstagramTests.swift */ = {isa = PBXFileReference; lastKnownFileType = sourcecode.swift; path = parstagramTests.swift; sourceTree = "<group>"; };
		393A25702547C6DF001313E5 /* Info.plist */ = {isa = PBXFileReference; lastKnownFileType = text.plist.xml; path = Info.plist; sourceTree = "<group>"; };
		393A25752547C6DF001313E5 /* parstagramUITests.xctest */ = {isa = PBXFileReference; explicitFileType = wrapper.cfbundle; includeInIndex = 0; path = parstagramUITests.xctest; sourceTree = BUILT_PRODUCTS_DIR; };
		393A25792547C6DF001313E5 /* parstagramUITests.swift */ = {isa = PBXFileReference; lastKnownFileType = sourcecode.swift; path = parstagramUITests.swift; sourceTree = "<group>"; };
		393A257B2547C6DF001313E5 /* Info.plist */ = {isa = PBXFileReference; lastKnownFileType = text.plist.xml; path = Info.plist; sourceTree = "<group>"; };
/* End PBXFileReference section */

/* Begin PBXFrameworksBuildPhase section */
		393A25512547C6DE001313E5 /* Frameworks */ = {
			isa = PBXFrameworksBuildPhase;
			buildActionMask = 2147483647;
			files = (
			);
			runOnlyForDeploymentPostprocessing = 0;
		};
		393A25672547C6DF001313E5 /* Frameworks */ = {
			isa = PBXFrameworksBuildPhase;
			buildActionMask = 2147483647;
			files = (
			);
			runOnlyForDeploymentPostprocessing = 0;
		};
		393A25722547C6DF001313E5 /* Frameworks */ = {
			isa = PBXFrameworksBuildPhase;
			buildActionMask = 2147483647;
			files = (
			);
			runOnlyForDeploymentPostprocessing = 0;
		};
/* End PBXFrameworksBuildPhase section */

/* Begin PBXGroup section */
		393A254B2547C6DE001313E5 = {
			isa = PBXGroup;
			children = (
				393A25562547C6DE001313E5 /* parstagram */,
				393A256D2547C6DF001313E5 /* parstagramTests */,
				393A25782547C6DF001313E5 /* parstagramUITests */,
				393A25552547C6DE001313E5 /* Products */,
			);
			sourceTree = "<group>";
		};
		393A25552547C6DE001313E5 /* Products */ = {
			isa = PBXGroup;
			children = (
				393A25542547C6DE001313E5 /* parstagram.app */,
				393A256A2547C6DF001313E5 /* parstagramTests.xctest */,
				393A25752547C6DF001313E5 /* parstagramUITests.xctest */,
			);
			name = Products;
			sourceTree = "<group>";
		};
		393A25562547C6DE001313E5 /* parstagram */ = {
			isa = PBXGroup;
			children = (
				393A25572547C6DE001313E5 /* AppDelegate.swift */,
				393A25592547C6DE001313E5 /* SceneDelegate.swift */,
				393A255B2547C6DE001313E5 /* ViewController.swift */,
				393A255D2547C6DE001313E5 /* Main.storyboard */,
				393A25602547C6DF001313E5 /* Assets.xcassets */,
				393A25622547C6DF001313E5 /* LaunchScreen.storyboard */,
				393A25652547C6DF001313E5 /* Info.plist */,
			);
			path = parstagram;
			sourceTree = "<group>";
		};
		393A256D2547C6DF001313E5 /* parstagramTests */ = {
			isa = PBXGroup;
			children = (
				393A256E2547C6DF001313E5 /* parstagramTests.swift */,
				393A25702547C6DF001313E5 /* Info.plist */,
			);
			path = parstagramTests;
			sourceTree = "<group>";
		};
		393A25782547C6DF001313E5 /* parstagramUITests */ = {
			isa = PBXGroup;
			children = (
				393A25792547C6DF001313E5 /* parstagramUITests.swift */,
				393A257B2547C6DF001313E5 /* Info.plist */,
			);
			path = parstagramUITests;
			sourceTree = "<group>";
		};
/* End PBXGroup section */

/* Begin PBXNativeTarget section */
		393A25532547C6DE001313E5 /* parstagram */ = {
			isa = PBXNativeTarget;
			buildConfigurationList = 393A257E2547C6DF001313E5 /* Build configuration list for PBXNativeTarget "parstagram" */;
			buildPhases = (
				393A25502547C6DE001313E5 /* Sources */,
				393A25512547C6DE001313E5 /* Frameworks */,
				393A25522547C6DE001313E5 /* Resources */,
			);
			buildRules = (
			);
			dependencies = (
			);
			name = parstagram;
			productName = parstagram;
			productReference = 393A25542547C6DE001313E5 /* parstagram.app */;
			productType = "com.apple.product-type.application";
		};
		393A25692547C6DF001313E5 /* parstagramTests */ = {
			isa = PBXNativeTarget;
			buildConfigurationList = 393A25812547C6DF001313E5 /* Build configuration list for PBXNativeTarget "parstagramTests" */;
			buildPhases = (
				393A25662547C6DF001313E5 /* Sources */,
				393A25672547C6DF001313E5 /* Frameworks */,
				393A25682547C6DF001313E5 /* Resources */,
			);
			buildRules = (
			);
			dependencies = (
				393A256C2547C6DF001313E5 /* PBXTargetDependency */,
			);
			name = parstagramTests;
			productName = parstagramTests;
			productReference = 393A256A2547C6DF001313E5 /* parstagramTests.xctest */;
			productType = "com.apple.product-type.bundle.unit-test";
		};
		393A25742547C6DF001313E5 /* parstagramUITests */ = {
			isa = PBXNativeTarget;
			buildConfigurationList = 393A25842547C6DF001313E5 /* Build configuration list for PBXNativeTarget "parstagramUITests" */;
			buildPhases = (
				393A25712547C6DF001313E5 /* Sources */,
				393A25722547C6DF001313E5 /* Frameworks */,
				393A25732547C6DF001313E5 /* Resources */,
			);
			buildRules = (
			);
			dependencies = (
				393A25772547C6DF001313E5 /* PBXTargetDependency */,
			);
			name = parstagramUITests;
			productName = parstagramUITests;
			productReference = 393A25752547C6DF001313E5 /* parstagramUITests.xctest */;
			productType = "com.apple.product-type.bundle.ui-testing";
		};
/* End PBXNativeTarget section */

/* Begin PBXProject section */
		393A254C2547C6DE001313E5 /* Project object */ = {
			isa = PBXProject;
			attributes = {
				LastSwiftUpdateCheck = 1200;
				LastUpgradeCheck = 1200;
				TargetAttributes = {
					393A25532547C6DE001313E5 = {
						CreatedOnToolsVersion = 12.0;
					};
					393A25692547C6DF001313E5 = {
						CreatedOnToolsVersion = 12.0;
						TestTargetID = 393A25532547C6DE001313E5;
					};
					393A25742547C6DF001313E5 = {
						CreatedOnToolsVersion = 12.0;
						TestTargetID = 393A25532547C6DE001313E5;
					};
				};
			};
			buildConfigurationList = 393A254F2547C6DE001313E5 /* Build configuration list for PBXProject "parstagram" */;
			compatibilityVersion = "Xcode 9.3";
			developmentRegion = en;
			hasScannedForEncodings = 0;
			knownRegions = (
				en,
				Base,
			);
			mainGroup = 393A254B2547C6DE001313E5;
			productRefGroup = 393A25552547C6DE001313E5 /* Products */;
			projectDirPath = "";
			projectRoot = "";
			targets = (
				393A25532547C6DE001313E5 /* parstagram */,
				393A25692547C6DF001313E5 /* parstagramTests */,
				393A25742547C6DF001313E5 /* parstagramUITests */,
			);
		};
/* End PBXProject section */

/* Begin PBXResourcesBuildPhase section */
		393A25522547C6DE001313E5 /* Resources */ = {
			isa = PBXResourcesBuildPhase;
			buildActionMask = 2147483647;
			files = (
				393A25642547C6DF001313E5 /* LaunchScreen.storyboard in Resources */,
				393A25612547C6DF001313E5 /* Assets.xcassets in Resources */,
				393A255F2547C6DE001313E5 /* Main.storyboard in Resources */,
			);
			runOnlyForDeploymentPostprocessing = 0;
		};
		393A25682547C6DF001313E5 /* Resources */ = {
			isa = PBXResourcesBuildPhase;
			buildActionMask = 2147483647;
			files = (
			);
			runOnlyForDeploymentPostprocessing = 0;
		};
		393A25732547C6DF001313E5 /* Resources */ = {
			isa = PBXResourcesBuildPhase;
			buildActionMask = 2147483647;
			files = (
			);
			runOnlyForDeploymentPostprocessing = 0;
		};
/* End PBXResourcesBuildPhase section */

/* Begin PBXSourcesBuildPhase section */
		393A25502547C6DE001313E5 /* Sources */ = {
			isa = PBXSourcesBuildPhase;
			buildActionMask = 2147483647;
			files = (
				393A255C2547C6DE001313E5 /* ViewController.swift in Sources */,
				393A25582547C6DE001313E5 /* AppDelegate.swift in Sources */,
				393A255A2547C6DE001313E5 /* SceneDelegate.swift in Sources */,
			);
			runOnlyForDeploymentPostprocessing = 0;
		};
		393A25662547C6DF001313E5 /* Sources */ = {
			isa = PBXSourcesBuildPhase;
			buildActionMask = 2147483647;
			files = (
				393A256F2547C6DF001313E5 /* parstagramTests.swift in Sources */,
			);
			runOnlyForDeploymentPostprocessing = 0;
		};
		393A25712547C6DF001313E5 /* Sources */ = {
			isa = PBXSourcesBuildPhase;
			buildActionMask = 2147483647;
			files = (
				393A257A2547C6DF001313E5 /* parstagramUITests.swift in Sources */,
			);
			runOnlyForDeploymentPostprocessing = 0;
		};
/* End PBXSourcesBuildPhase section */

/* Begin PBXTargetDependency section */
		393A256C2547C6DF001313E5 /* PBXTargetDependency */ = {
			isa = PBXTargetDependency;
			target = 393A25532547C6DE001313E5 /* parstagram */;
			targetProxy = 393A256B2547C6DF001313E5 /* PBXContainerItemProxy */;
		};
		393A25772547C6DF001313E5 /* PBXTargetDependency */ = {
			isa = PBXTargetDependency;
			target = 393A25532547C6DE001313E5 /* parstagram */;
			targetProxy = 393A25762547C6DF001313E5 /* PBXContainerItemProxy */;
		};
/* End PBXTargetDependency section */

/* Begin PBXVariantGroup section */
		393A255D2547C6DE001313E5 /* Main.storyboard */ = {
			isa = PBXVariantGroup;
			children = (
				393A255E2547C6DE001313E5 /* Base */,
			);
			name = Main.storyboard;
			sourceTree = "<group>";
		};
		393A25622547C6DF001313E5 /* LaunchScreen.storyboard */ = {
			isa = PBXVariantGroup;
			children = (
				393A25632547C6DF001313E5 /* Base */,
			);
			name = LaunchScreen.storyboard;
			sourceTree = "<group>";
		};
/* End PBXVariantGroup section */

/* Begin XCBuildConfiguration section */
		393A257C2547C6DF001313E5 /* Debug */ = {
			isa = XCBuildConfiguration;
			buildSettings = {
				ALWAYS_SEARCH_USER_PATHS = NO;
				CLANG_ANALYZER_NONNULL = YES;
				CLANG_ANALYZER_NUMBER_OBJECT_CONVERSION = YES_AGGRESSIVE;
				CLANG_CXX_LANGUAGE_STANDARD = "gnu++14";
				CLANG_CXX_LIBRARY = "libc++";
				CLANG_ENABLE_MODULES = YES;
				CLANG_ENABLE_OBJC_ARC = YES;
				CLANG_ENABLE_OBJC_WEAK = YES;
				CLANG_WARN_BLOCK_CAPTURE_AUTORELEASING = YES;
				CLANG_WARN_BOOL_CONVERSION = YES;
				CLANG_WARN_COMMA = YES;
				CLANG_WARN_CONSTANT_CONVERSION = YES;
				CLANG_WARN_DEPRECATED_OBJC_IMPLEMENTATIONS = YES;
				CLANG_WARN_DIRECT_OBJC_ISA_USAGE = YES_ERROR;
				CLANG_WARN_DOCUMENTATION_COMMENTS = YES;
				CLANG_WARN_EMPTY_BODY = YES;
				CLANG_WARN_ENUM_CONVERSION = YES;
				CLANG_WARN_INFINITE_RECURSION = YES;
				CLANG_WARN_INT_CONVERSION = YES;
				CLANG_WARN_NON_LITERAL_NULL_CONVERSION = YES;
				CLANG_WARN_OBJC_IMPLICIT_RETAIN_SELF = YES;
				CLANG_WARN_OBJC_LITERAL_CONVERSION = YES;
				CLANG_WARN_OBJC_ROOT_CLASS = YES_ERROR;
				CLANG_WARN_QUOTED_INCLUDE_IN_FRAMEWORK_HEADER = YES;
				CLANG_WARN_RANGE_LOOP_ANALYSIS = YES;
				CLANG_WARN_STRICT_PROTOTYPES = YES;
				CLANG_WARN_SUSPICIOUS_MOVE = YES;
				CLANG_WARN_UNGUARDED_AVAILABILITY = YES_AGGRESSIVE;
				CLANG_WARN_UNREACHABLE_CODE = YES;
				CLANG_WARN__DUPLICATE_METHOD_MATCH = YES;
				COPY_PHASE_STRIP = NO;
				DEBUG_INFORMATION_FORMAT = dwarf;
				ENABLE_STRICT_OBJC_MSGSEND = YES;
				ENABLE_TESTABILITY = YES;
				GCC_C_LANGUAGE_STANDARD = gnu11;
				GCC_DYNAMIC_NO_PIC = NO;
				GCC_NO_COMMON_BLOCKS = YES;
				GCC_OPTIMIZATION_LEVEL = 0;
				GCC_PREPROCESSOR_DEFINITIONS = (
					"DEBUG=1",
					"$(inherited)",
				);
				GCC_WARN_64_TO_32_BIT_CONVERSION = YES;
				GCC_WARN_ABOUT_RETURN_TYPE = YES_ERROR;
				GCC_WARN_UNDECLARED_SELECTOR = YES;
				GCC_WARN_UNINITIALIZED_AUTOS = YES_AGGRESSIVE;
				GCC_WARN_UNUSED_FUNCTION = YES;
				GCC_WARN_UNUSED_VARIABLE = YES;
				IPHONEOS_DEPLOYMENT_TARGET = 14.0;
				MTL_ENABLE_DEBUG_INFO = INCLUDE_SOURCE;
				MTL_FAST_MATH = YES;
				ONLY_ACTIVE_ARCH = YES;
				SDKROOT = iphoneos;
				SWIFT_ACTIVE_COMPILATION_CONDITIONS = DEBUG;
				SWIFT_OPTIMIZATION_LEVEL = "-Onone";
			};
			name = Debug;
		};
		393A257D2547C6DF001313E5 /* Release */ = {
			isa = XCBuildConfiguration;
			buildSettings = {
				ALWAYS_SEARCH_USER_PATHS = NO;
				CLANG_ANALYZER_NONNULL = YES;
				CLANG_ANALYZER_NUMBER_OBJECT_CONVERSION = YES_AGGRESSIVE;
				CLANG_CXX_LANGUAGE_STANDARD = "gnu++14";
				CLANG_CXX_LIBRARY = "libc++";
				CLANG_ENABLE_MODULES = YES;
				CLANG_ENABLE_OBJC_ARC = YES;
				CLANG_ENABLE_OBJC_WEAK = YES;
				CLANG_WARN_BLOCK_CAPTURE_AUTORELEASING = YES;
				CLANG_WARN_BOOL_CONVERSION = YES;
				CLANG_WARN_COMMA = YES;
				CLANG_WARN_CONSTANT_CONVERSION = YES;
				CLANG_WARN_DEPRECATED_OBJC_IMPLEMENTATIONS = YES;
				CLANG_WARN_DIRECT_OBJC_ISA_USAGE = YES_ERROR;
				CLANG_WARN_DOCUMENTATION_COMMENTS = YES;
				CLANG_WARN_EMPTY_BODY = YES;
				CLANG_WARN_ENUM_CONVERSION = YES;
				CLANG_WARN_INFINITE_RECURSION = YES;
				CLANG_WARN_INT_CONVERSION = YES;
				CLANG_WARN_NON_LITERAL_NULL_CONVERSION = YES;
				CLANG_WARN_OBJC_IMPLICIT_RETAIN_SELF = YES;
				CLANG_WARN_OBJC_LITERAL_CONVERSION = YES;
				CLANG_WARN_OBJC_ROOT_CLASS = YES_ERROR;
				CLANG_WARN_QUOTED_INCLUDE_IN_FRAMEWORK_HEADER = YES;
				CLANG_WARN_RANGE_LOOP_ANALYSIS = YES;
				CLANG_WARN_STRICT_PROTOTYPES = YES;
				CLANG_WARN_SUSPICIOUS_MOVE = YES;
				CLANG_WARN_UNGUARDED_AVAILABILITY = YES_AGGRESSIVE;
				CLANG_WARN_UNREACHABLE_CODE = YES;
				CLANG_WARN__DUPLICATE_METHOD_MATCH = YES;
				COPY_PHASE_STRIP = NO;
				DEBUG_INFORMATION_FORMAT = "dwarf-with-dsym";
				ENABLE_NS_ASSERTIONS = NO;
				ENABLE_STRICT_OBJC_MSGSEND = YES;
				GCC_C_LANGUAGE_STANDARD = gnu11;
				GCC_NO_COMMON_BLOCKS = YES;
				GCC_WARN_64_TO_32_BIT_CONVERSION = YES;
				GCC_WARN_ABOUT_RETURN_TYPE = YES_ERROR;
				GCC_WARN_UNDECLARED_SELECTOR = YES;
				GCC_WARN_UNINITIALIZED_AUTOS = YES_AGGRESSIVE;
				GCC_WARN_UNUSED_FUNCTION = YES;
				GCC_WARN_UNUSED_VARIABLE = YES;
				IPHONEOS_DEPLOYMENT_TARGET = 14.0;
				MTL_ENABLE_DEBUG_INFO = NO;
				MTL_FAST_MATH = YES;
				SDKROOT = iphoneos;
				SWIFT_COMPILATION_MODE = wholemodule;
				SWIFT_OPTIMIZATION_LEVEL = "-O";
				VALIDATE_PRODUCT = YES;
			};
			name = Release;
		};
		393A257F2547C6DF001313E5 /* Debug */ = {
			isa = XCBuildConfiguration;
			buildSettings = {
				ASSETCATALOG_COMPILER_APPICON_NAME = AppIcon;
				ASSETCATALOG_COMPILER_GLOBAL_ACCENT_COLOR_NAME = AccentColor;
				CODE_SIGN_STYLE = Automatic;
				INFOPLIST_FILE = parstagram/Info.plist;
				LD_RUNPATH_SEARCH_PATHS = (
					"$(inherited)",
					"@executable_path/Frameworks",
				);
				PRODUCT_BUNDLE_IDENTIFIER = com.bmart7.parstagram;
				PRODUCT_NAME = "$(TARGET_NAME)";
				SWIFT_VERSION = 5.0;
				TARGETED_DEVICE_FAMILY = "1,2";
			};
			name = Debug;
		};
		393A25802547C6DF001313E5 /* Release */ = {
			isa = XCBuildConfiguration;
			buildSettings = {
				ASSETCATALOG_COMPILER_APPICON_NAME = AppIcon;
				ASSETCATALOG_COMPILER_GLOBAL_ACCENT_COLOR_NAME = AccentColor;
				CODE_SIGN_STYLE = Automatic;
				INFOPLIST_FILE = parstagram/Info.plist;
				LD_RUNPATH_SEARCH_PATHS = (
					"$(inherited)",
					"@executable_path/Frameworks",
				);
				PRODUCT_BUNDLE_IDENTIFIER = com.bmart7.parstagram;
				PRODUCT_NAME = "$(TARGET_NAME)";
				SWIFT_VERSION = 5.0;
				TARGETED_DEVICE_FAMILY = "1,2";
			};
			name = Release;
		};
		393A25822547C6DF001313E5 /* Debug */ = {
			isa = XCBuildConfiguration;
			buildSettings = {
				ALWAYS_EMBED_SWIFT_STANDARD_LIBRARIES = YES;
				BUNDLE_LOADER = "$(TEST_HOST)";
				CODE_SIGN_STYLE = Automatic;
				INFOPLIST_FILE = parstagramTests/Info.plist;
				IPHONEOS_DEPLOYMENT_TARGET = 14.0;
				LD_RUNPATH_SEARCH_PATHS = (
					"$(inherited)",
					"@executable_path/Frameworks",
					"@loader_path/Frameworks",
				);
				PRODUCT_BUNDLE_IDENTIFIER = com.bmart7.parstagramTests;
				PRODUCT_NAME = "$(TARGET_NAME)";
				SWIFT_VERSION = 5.0;
				TARGETED_DEVICE_FAMILY = "1,2";
				TEST_HOST = "$(BUILT_PRODUCTS_DIR)/parstagram.app/parstagram";
			};
			name = Debug;
		};
		393A25832547C6DF001313E5 /* Release */ = {
			isa = XCBuildConfiguration;
			buildSettings = {
				ALWAYS_EMBED_SWIFT_STANDARD_LIBRARIES = YES;
				BUNDLE_LOADER = "$(TEST_HOST)";
				CODE_SIGN_STYLE = Automatic;
				INFOPLIST_FILE = parstagramTests/Info.plist;
				IPHONEOS_DEPLOYMENT_TARGET = 14.0;
				LD_RUNPATH_SEARCH_PATHS = (
					"$(inherited)",
					"@executable_path/Frameworks",
					"@loader_path/Frameworks",
				);
				PRODUCT_BUNDLE_IDENTIFIER = com.bmart7.parstagramTests;
				PRODUCT_NAME = "$(TARGET_NAME)";
				SWIFT_VERSION = 5.0;
				TARGETED_DEVICE_FAMILY = "1,2";
				TEST_HOST = "$(BUILT_PRODUCTS_DIR)/parstagram.app/parstagram";
			};
			name = Release;
		};
		393A25852547C6DF001313E5 /* Debug */ = {
			isa = XCBuildConfiguration;
			buildSettings = {
				ALWAYS_EMBED_SWIFT_STANDARD_LIBRARIES = YES;
				CODE_SIGN_STYLE = Automatic;
				INFOPLIST_FILE = parstagramUITests/Info.plist;
				LD_RUNPATH_SEARCH_PATHS = (
					"$(inherited)",
					"@executable_path/Frameworks",
					"@loader_path/Frameworks",
				);
				PRODUCT_BUNDLE_IDENTIFIER = com.bmart7.parstagramUITests;
				PRODUCT_NAME = "$(TARGET_NAME)";
				SWIFT_VERSION = 5.0;
				TARGETED_DEVICE_FAMILY = "1,2";
				TEST_TARGET_NAME = parstagram;
			};
			name = Debug;
		};
		393A25862547C6DF001313E5 /* Release */ = {
			isa = XCBuildConfiguration;
			buildSettings = {
				ALWAYS_EMBED_SWIFT_STANDARD_LIBRARIES = YES;
				CODE_SIGN_STYLE = Automatic;
				INFOPLIST_FILE = parstagramUITests/Info.plist;
				LD_RUNPATH_SEARCH_PATHS = (
					"$(inherited)",
					"@executable_path/Frameworks",
					"@loader_path/Frameworks",
				);
				PRODUCT_BUNDLE_IDENTIFIER = com.bmart7.parstagramUITests;
				PRODUCT_NAME = "$(TARGET_NAME)";
				SWIFT_VERSION = 5.0;
				TARGETED_DEVICE_FAMILY = "1,2";
				TEST_TARGET_NAME = parstagram;
			};
			name = Release;
		};
/* End XCBuildConfiguration section */

/* Begin XCConfigurationList section */
		393A254F2547C6DE001313E5 /* Build configuration list for PBXProject "parstagram" */ = {
			isa = XCConfigurationList;
			buildConfigurations = (
				393A257C2547C6DF001313E5 /* Debug */,
				393A257D2547C6DF001313E5 /* Release */,
			);
			defaultConfigurationIsVisible = 0;
			defaultConfigurationName = Release;
		};
		393A257E2547C6DF001313E5 /* Build configuration list for PBXNativeTarget "parstagram" */ = {
			isa = XCConfigurationList;
			buildConfigurations = (
				393A257F2547C6DF001313E5 /* Debug */,
				393A25802547C6DF001313E5 /* Release */,
			);
			defaultConfigurationIsVisible = 0;
			defaultConfigurationName = Release;
		};
		393A25812547C6DF001313E5 /* Build configuration list for PBXNativeTarget "parstagramTests" */ = {
			isa = XCConfigurationList;
			buildConfigurations = (
				393A25822547C6DF001313E5 /* Debug */,
				393A25832547C6DF001313E5 /* Release */,
			);
			defaultConfigurationIsVisible = 0;
			defaultConfigurationName = Release;
		};
		393A25842547C6DF001313E5 /* Build configuration list for PBXNativeTarget "parstagramUITests" */ = {
			isa = XCConfigurationList;
			buildConfigurations = (
				393A25852547C6DF001313E5 /* Debug */,
				393A25862547C6DF001313E5 /* Release */,
			);
			defaultConfigurationIsVisible = 0;
			defaultConfigurationName = Release;
		};
/* End XCConfigurationList section */
	};
	rootObject = 393A254C2547C6DE001313E5 /* Project object */;
}
